
Microsoft Visual Studio Solution File, Format Version 12.00
# Visual Studio Version 17
VisualStudioVersion = 17.14.36310.24
MinimumVisualStudioVersion = 10.0.40219.1
Project("{FAE04EC0-301F-11D3-BF4B-00C04F79EFBC}") = "04.Taskmanagementsystem", "Taskmanagementsystem\04.Taskmanagementsystem.csproj", "{1F26637D-0F53-4B78-8D25-6746D9BB7ED9}"
EndProject
Project("{FAE04EC0-301F-11D3-BF4B-00C04F79EFBC}") = "01.Domain", "Domain\01.Domain.csproj", "{E8573A45-5939-4373-BED8-E8C8CFFD1420}"
EndProject
Project("{FAE04EC0-301F-11D3-BF4B-00C04F79EFBC}") = "03.Infrastructure", "Infrastructure\03.Infrastructure.csproj", "{42AD0377-6970-4CE5-8ACB-921701AB2B70}"
EndProject
Project("{FAE04EC0-301F-11D3-BF4B-00C04F79EFBC}") = "02.Application", "Application,\02.Application.csproj", "{BCB0311F-D1DF-4379-BF8C-4E9628BC401D}"
EndProject
Global
	GlobalSection(SolutionConfigurationPlatforms) = preSolution
		Debug|Any CPU = Debug|Any CPU
		Release|Any CPU = Release|Any CPU
	EndGlobalSection
	GlobalSection(ProjectConfigurationPlatforms) = postSolution
		{1F26637D-0F53-4B78-8D25-6746D9BB7ED9}.Debug|Any CPU.ActiveCfg = Debug|Any CPU
		{1F26637D-0F53-4B78-8D25-6746D9BB7ED9}.Debug|Any CPU.Build.0 = Debug|Any CPU
		{1F26637D-0F53-4B78-8D25-6746D9BB7ED9}.Release|Any CPU.ActiveCfg = Release|Any CPU
		{1F26637D-0F53-4B78-8D25-6746D9BB7ED9}.Release|Any CPU.Build.0 = Release|Any CPU
		{E8573A45-5939-4373-BED8-E8C8CFFD1420}.Debug|Any CPU.ActiveCfg = Debug|Any CPU
		{E8573A45-5939-4373-BED8-E8C8CFFD1420}.Debug|Any CPU.Build.0 = Debug|Any CPU
		{E8573A45-5939-4373-BED8-E8C8CFFD1420}.Release|Any CPU.ActiveCfg = Release|Any CPU
		{E8573A45-5939-4373-BED8-E8C8CFFD1420}.Release|Any CPU.Build.0 = Release|Any CPU
		{42AD0377-6970-4CE5-8ACB-921701AB2B70}.Debug|Any CPU.ActiveCfg = Debug|Any CPU
		{42AD0377-6970-4CE5-8ACB-921701AB2B70}.Debug|Any CPU.Build.0 = Debug|Any CPU
		{42AD0377-6970-4CE5-8ACB-921701AB2B70}.Release|Any CPU.ActiveCfg = Release|Any CPU
		{42AD0377-6970-4CE5-8ACB-921701AB2B70}.Release|Any CPU.Build.0 = Release|Any CPU
		{BCB0311F-D1DF-4379-BF8C-4E9628BC401D}.Debug|Any CPU.ActiveCfg = Debug|Any CPU
		{BCB0311F-D1DF-4379-BF8C-4E9628BC401D}.Debug|Any CPU.Build.0 = Debug|Any CPU
		{BCB0311F-D1DF-4379-BF8C-4E9628BC401D}.Release|Any CPU.ActiveCfg = Release|Any CPU
		{BCB0311F-D1DF-4379-BF8C-4E9628BC401D}.Release|Any CPU.Build.0 = Release|Any CPU
	EndGlobalSection
	GlobalSection(SolutionProperties) = preSolution
		HideSolutionNode = FALSE
	EndGlobalSection
	GlobalSection(ExtensibilityGlobals) = postSolution
		SolutionGuid = {ED559767-9465-46F9-9719-52C97CBB6B64}
	EndGlobalSection
EndGlobal
